
Microsoft Visual Studio Solution File, Format Version 12.00
# Visual Studio Version 17
VisualStudioVersion = 17.2.32630.192
MinimumVisualStudioVersion = 10.0.40219.1
Project("{9A19103F-16F7-4668-BE54-9A1E7A4F7556}") = "AMCS.ApiService", "AMCS.ApiService\AMCS.ApiService.csproj", "{C78AABE2-E337-418A-AF43-A6F50E062478}"
EndProject
Project("{9A19103F-16F7-4668-BE54-9A1E7A4F7556}") = "AMCS.ApiService.Abstractions", "AMCS.ApiService.Abstractions\AMCS.ApiService.Abstractions.csproj", "{8A2BE909-8172-423A-B1C0-0093C814FE09}"
EndProject
Project("{9A19103F-16F7-4668-BE54-9A1E7A4F7556}") = "AMCS.ApiService.Filtering", "AMCS.ApiService.Filtering\AMCS.ApiService.Filtering.csproj", "{A3198540-A2ED-4EDD-B083-F54C0FFB88F5}"
EndProject
Project("{9A19103F-16F7-4668-BE54-9A1E7A4F7556}") = "AMCS.Data", "AMCS.Data\AMCS.Data.csproj", "{5458F2CA-3C66-494F-BC65-2AD72C74CC83}"
EndProject
Project("{9A19103F-16F7-4668-BE54-9A1E7A4F7556}") = "AMCS.Data.Configuration", "AMCS.Data.Configuration\AMCS.Data.Configuration.csproj", "{06B720A5-6D47-4119-B52D-0608DAEF546B}"
EndProject
Project("{9A19103F-16F7-4668-BE54-9A1E7A4F7556}") = "AMCS.Data.Entity", "AMCS.Data.Entity\AMCS.Data.Entity.csproj", "{989AABE3-B367-450B-A197-B8158AEE020B}"
EndProject
Project("{9A19103F-16F7-4668-BE54-9A1E7A4F7556}") = "AMCS.Data.EntityValidation", "AMCS.Data.EntityValidation\AMCS.Data.EntityValidation.csproj", "{2CA0C58B-A892-49BF-866E-10C06E186E1F}"
EndProject
Project("{9A19103F-16F7-4668-BE54-9A1E7A4F7556}") = "AMCS.Data.Schema", "AMCS.Data.Schema\AMCS.Data.Schema.csproj", "{4CE585B1-7A04-49F7-82D7-5ED49EA5E2EE}"
EndProject
Project("{9A19103F-16F7-4668-BE54-9A1E7A4F7556}") = "AMCS.Data.Server.Azure.Helpers", "AMCS.Data.Server.Azure.Helpers\AMCS.Data.Server.Azure.Helpers.csproj", "{F6872013-8EB3-433C-A6C9-841E84F9072F}"
EndProject
Project("{9A19103F-16F7-4668-BE54-9A1E7A4F7556}") = "AMCS.Data.Server", "AMCS.Data.Server\AMCS.Data.Server.csproj", "{A422C241-4CBB-4DD2-A5BC-A7209D0C061B}"
EndProject
Project("{2150E333-8FDC-42A3-9474-1A3956D46DE8}") = "Solution Items", "Solution Items", "{2AA9EAA8-0FC7-405F-A1F6-4F4F2A0D9CD6}"
	ProjectSection(SolutionItems) = preProject
		ElemosClientServer.ruleset = ElemosClientServer.ruleset
	EndProjectSection
EndProject
Project("{9A19103F-16F7-4668-BE54-9A1E7A4F7556}") = "AMCS.Encryption", "AMCS.Encryption\AMCS.Encryption.csproj", "{93E5351D-7443-4998-A77E-4B696634D79C}"
EndProject
Project("{9A19103F-16F7-4668-BE54-9A1E7A4F7556}") = "AMCS.Encryption.BouncyCastle", "AMCS.Encryption.Bouncy\AMCS.Encryption.BouncyCastle.csproj", "{4943F1F7-203B-40FE-8543-AAFAE4E16EB4}"
EndProject
Project("{9A19103F-16F7-4668-BE54-9A1E7A4F7556}") = "AMCS.Data.TestSupport", "AMCS.Data.TestSupport\AMCS.Data.TestSupport.csproj", "{C034CD79-6636-4A9F-B1E4-E4A802235227}"
EndProject
Project("{9A19103F-16F7-4668-BE54-9A1E7A4F7556}") = "AMCS.PlatformFramework.Entity", "Test\AMCS.PlatformFramework.Entity\AMCS.PlatformFramework.Entity.csproj", "{392D73E5-9418-4A05-8178-3B95E6D86A19}"
EndProject
Project("{9A19103F-16F7-4668-BE54-9A1E7A4F7556}") = "AMCS.PlatformFramework.Server", "Test\AMCS.PlatformFramework.Server\AMCS.PlatformFramework.Server.csproj", "{9F7BA022-6647-4910-B99D-9446538A1CF5}"
EndProject
Project("{9A19103F-16F7-4668-BE54-9A1E7A4F7556}") = "Language", "Test\Language\Language.csproj", "{FECEF717-9AFE-4353-8D71-87DE3967E8D4}"
EndProject
Project("{9A19103F-16F7-4668-BE54-9A1E7A4F7556}") = "AMCS.PlatformFramework.CommsServer.Messages", "Test\AMCS.PlatformFramework.CommsServer.Messages\AMCS.PlatformFramework.CommsServer.Messages.csproj", "{9FCF912E-AE42-4E13-9C8A-A6694C6571D1}"
EndProject
Project("{9A19103F-16F7-4668-BE54-9A1E7A4F7556}") = "AMCS.PlatformFramework.Server.ApiDocumentation", "Test\AMCS.PlatformFramework.Server.ApiDocumentation\AMCS.PlatformFramework.Server.ApiDocumentation.csproj", "{846A1E57-E083-4C27-A072-A77A28A69165}"
EndProject
Project("{9A19103F-16F7-4668-BE54-9A1E7A4F7556}") = "AMCS.PlatformFramework.IntegrationTests", "Test\AMCS.PlatformFramework.IntegrationTests\AMCS.PlatformFramework.IntegrationTests.csproj", "{F4D1F2A3-7DA1-40D0-8DDB-BDB9233389F5}"
EndProject
Project("{FAE04EC0-301F-11D3-BF4B-00C04F79EFBC}") = "AMCS.PlatformFramework.Tests", "Test\AMCS.PlatformFramework.Tests\AMCS.PlatformFramework.Tests.csproj", "{8B0F6BFF-0BEC-4BCC-42FE-653F238FFC6C}"
EndProject
Project("{9A19103F-16F7-4668-BE54-9A1E7A4F7556}") = "AMCS.PlatformFramework.CommsServer.EndToEndIntegrationTest", "Test\AMCS.PlatformFramework.CommsServer.EndToEndIntegrationTest\AMCS.PlatformFramework.CommsServer.EndToEndIntegrationTest.csproj", "{A76CF718-ACA3-4B7C-BA4C-5E1518AE1D1E}"
EndProject
Project("{9A19103F-16F7-4668-BE54-9A1E7A4F7556}") = "AMCS.PlatformFramework.CommsServer.Protocols", "Test\AMCS.PlatformFramework.CommsServer.Protocols\AMCS.PlatformFramework.CommsServer.Protocols.csproj", "{9B1C132C-85E7-4190-9B7D-A1AD708BD634}"
EndProject
Project("{9A19103F-16F7-4668-BE54-9A1E7A4F7556}") = "AMCS.PlatformFramework.CommsServer.IntegrationTests", "Test\AMCS.PlatformFramework.CommsServer.IntegrationTests\AMCS.PlatformFramework.CommsServer.IntegrationTests.csproj", "{208C7BA2-3C64-44A9-AD38-F9B930DBAE55}"
EndProject
Project("{9A19103F-16F7-4668-BE54-9A1E7A4F7556}") = "AMCS.PlatformFramework.Benchmarks", "Test\AMCS.PlatformFramework.Benchmarks\AMCS.PlatformFramework.Benchmarks.csproj", "{3DAD9814-26FF-43B3-9489-8C88B0E3E8B7}"
EndProject
Project("{2150E333-8FDC-42A3-9474-1A3956D46DE8}") = "Test", "Test", "{5A221473-E295-46D8-AC49-3AC988927B34}"
EndProject
Project("{9A19103F-16F7-4668-BE54-9A1E7A4F7556}") = "AMCS.PlatformFramework.UnitTests", "Test\AMCS.PlatformFramework.UnitTests\AMCS.PlatformFramework.UnitTests.csproj", "{794EC7BC-A59D-4EDA-8B7F-CBF64D9438FA}"
EndProject
Project("{9A19103F-16F7-4668-BE54-9A1E7A4F7556}") = "AMCS.ApiService.Documentation.Abstractions", "AMCS.ApiService.Documentation.Abstractions\AMCS.ApiService.Documentation.Abstractions.csproj", "{F1E8C8A4-3CC8-4E0D-B9F8-0EE88A873F2B}"
EndProject
Project("{9A19103F-16F7-4668-BE54-9A1E7A4F7556}") = "AMCS.ApiService.Documentation.NETCore", "AMCS.ApiService.Documentation.NETCore\AMCS.ApiService.Documentation.NETCore.csproj", "{502F8B84-F8C6-4C76-9BF8-2AE13DC099C1}"
EndProject
Project("{9A19103F-16F7-4668-BE54-9A1E7A4F7556}") = "AMCS.ApiService.Documentation.NETFramework", "AMCS.ApiService.Documentation.NETFramework\AMCS.ApiService.Documentation.NETFramework.csproj", "{B2368675-4A07-4B24-9DE4-610617EFFE3E}"
EndProject
Global
	GlobalSection(SolutionConfigurationPlatforms) = preSolution
		Debug|Any CPU = Debug|Any CPU
		Release|Any CPU = Release|Any CPU
	EndGlobalSection
	GlobalSection(ProjectConfigurationPlatforms) = postSolution
		{C78AABE2-E337-418A-AF43-A6F50E062478}.Debug|Any CPU.ActiveCfg = Debug|Any CPU
		{C78AABE2-E337-418A-AF43-A6F50E062478}.Debug|Any CPU.Build.0 = Debug|Any CPU
		{C78AABE2-E337-418A-AF43-A6F50E062478}.Release|Any CPU.ActiveCfg = Release|Any CPU
		{C78AABE2-E337-418A-AF43-A6F50E062478}.Release|Any CPU.Build.0 = Release|Any CPU
		{8A2BE909-8172-423A-B1C0-0093C814FE09}.Debug|Any CPU.ActiveCfg = Debug|Any CPU
		{8A2BE909-8172-423A-B1C0-0093C814FE09}.Debug|Any CPU.Build.0 = Debug|Any CPU
		{8A2BE909-8172-423A-B1C0-0093C814FE09}.Release|Any CPU.ActiveCfg = Release|Any CPU
		{8A2BE909-8172-423A-B1C0-0093C814FE09}.Release|Any CPU.Build.0 = Release|Any CPU
		{A3198540-A2ED-4EDD-B083-F54C0FFB88F5}.Debug|Any CPU.ActiveCfg = Debug|Any CPU
		{A3198540-A2ED-4EDD-B083-F54C0FFB88F5}.Debug|Any CPU.Build.0 = Debug|Any CPU
		{A3198540-A2ED-4EDD-B083-F54C0FFB88F5}.Release|Any CPU.ActiveCfg = Release|Any CPU
		{A3198540-A2ED-4EDD-B083-F54C0FFB88F5}.Release|Any CPU.Build.0 = Release|Any CPU
		{5458F2CA-3C66-494F-BC65-2AD72C74CC83}.Debug|Any CPU.ActiveCfg = Debug|Any CPU
		{5458F2CA-3C66-494F-BC65-2AD72C74CC83}.Debug|Any CPU.Build.0 = Debug|Any CPU
		{5458F2CA-3C66-494F-BC65-2AD72C74CC83}.Release|Any CPU.ActiveCfg = Release|Any CPU
		{5458F2CA-3C66-494F-BC65-2AD72C74CC83}.Release|Any CPU.Build.0 = Release|Any CPU
		{06B720A5-6D47-4119-B52D-0608DAEF546B}.Debug|Any CPU.ActiveCfg = Debug|Any CPU
		{06B720A5-6D47-4119-B52D-0608DAEF546B}.Debug|Any CPU.Build.0 = Debug|Any CPU
		{06B720A5-6D47-4119-B52D-0608DAEF546B}.Release|Any CPU.ActiveCfg = Release|Any CPU
		{06B720A5-6D47-4119-B52D-0608DAEF546B}.Release|Any CPU.Build.0 = Release|Any CPU
		{989AABE3-B367-450B-A197-B8158AEE020B}.Debug|Any CPU.ActiveCfg = Debug|Any CPU
		{989AABE3-B367-450B-A197-B8158AEE020B}.Debug|Any CPU.Build.0 = Debug|Any CPU
		{989AABE3-B367-450B-A197-B8158AEE020B}.Release|Any CPU.ActiveCfg = Release|Any CPU
		{989AABE3-B367-450B-A197-B8158AEE020B}.Release|Any CPU.Build.0 = Release|Any CPU
		{2CA0C58B-A892-49BF-866E-10C06E186E1F}.Debug|Any CPU.ActiveCfg = Debug|Any CPU
		{2CA0C58B-A892-49BF-866E-10C06E186E1F}.Debug|Any CPU.Build.0 = Debug|Any CPU
		{2CA0C58B-A892-49BF-866E-10C06E186E1F}.Release|Any CPU.ActiveCfg = Release|Any CPU
		{2CA0C58B-A892-49BF-866E-10C06E186E1F}.Release|Any CPU.Build.0 = Release|Any CPU
		{4CE585B1-7A04-49F7-82D7-5ED49EA5E2EE}.Debug|Any CPU.ActiveCfg = Debug|Any CPU
		{4CE585B1-7A04-49F7-82D7-5ED49EA5E2EE}.Debug|Any CPU.Build.0 = Debug|Any CPU
		{4CE585B1-7A04-49F7-82D7-5ED49EA5E2EE}.Release|Any CPU.ActiveCfg = Release|Any CPU
		{4CE585B1-7A04-49F7-82D7-5ED49EA5E2EE}.Release|Any CPU.Build.0 = Release|Any CPU
		{F6872013-8EB3-433C-A6C9-841E84F9072F}.Debug|Any CPU.ActiveCfg = Debug|Any CPU
		{F6872013-8EB3-433C-A6C9-841E84F9072F}.Debug|Any CPU.Build.0 = Debug|Any CPU
		{F6872013-8EB3-433C-A6C9-841E84F9072F}.Release|Any CPU.ActiveCfg = Release|Any CPU
		{F6872013-8EB3-433C-A6C9-841E84F9072F}.Release|Any CPU.Build.0 = Release|Any CPU
		{A422C241-4CBB-4DD2-A5BC-A7209D0C061B}.Debug|Any CPU.ActiveCfg = Debug|Any CPU
		{A422C241-4CBB-4DD2-A5BC-A7209D0C061B}.Debug|Any CPU.Build.0 = Debug|Any CPU
		{A422C241-4CBB-4DD2-A5BC-A7209D0C061B}.Release|Any CPU.ActiveCfg = Release|Any CPU
		{A422C241-4CBB-4DD2-A5BC-A7209D0C061B}.Release|Any CPU.Build.0 = Release|Any CPU
		{93E5351D-7443-4998-A77E-4B696634D79C}.Debug|Any CPU.ActiveCfg = Debug|Any CPU
		{93E5351D-7443-4998-A77E-4B696634D79C}.Debug|Any CPU.Build.0 = Debug|Any CPU
		{93E5351D-7443-4998-A77E-4B696634D79C}.Release|Any CPU.ActiveCfg = Release|Any CPU
		{93E5351D-7443-4998-A77E-4B696634D79C}.Release|Any CPU.Build.0 = Release|Any CPU
		{4943F1F7-203B-40FE-8543-AAFAE4E16EB4}.Debug|Any CPU.ActiveCfg = Debug|Any CPU
		{4943F1F7-203B-40FE-8543-AAFAE4E16EB4}.Debug|Any CPU.Build.0 = Debug|Any CPU
		{4943F1F7-203B-40FE-8543-AAFAE4E16EB4}.Release|Any CPU.ActiveCfg = Release|Any CPU
		{4943F1F7-203B-40FE-8543-AAFAE4E16EB4}.Release|Any CPU.Build.0 = Release|Any CPU
		{C034CD79-6636-4A9F-B1E4-E4A802235227}.Debug|Any CPU.ActiveCfg = Debug|Any CPU
		{C034CD79-6636-4A9F-B1E4-E4A802235227}.Debug|Any CPU.Build.0 = Debug|Any CPU
		{C034CD79-6636-4A9F-B1E4-E4A802235227}.Release|Any CPU.ActiveCfg = Release|Any CPU
		{C034CD79-6636-4A9F-B1E4-E4A802235227}.Release|Any CPU.Build.0 = Release|Any CPU
		{392D73E5-9418-4A05-8178-3B95E6D86A19}.Debug|Any CPU.ActiveCfg = Debug|Any CPU
		{392D73E5-9418-4A05-8178-3B95E6D86A19}.Debug|Any CPU.Build.0 = Debug|Any CPU
		{392D73E5-9418-4A05-8178-3B95E6D86A19}.Release|Any CPU.ActiveCfg = Release|Any CPU
		{392D73E5-9418-4A05-8178-3B95E6D86A19}.Release|Any CPU.Build.0 = Release|Any CPU
		{9F7BA022-6647-4910-B99D-9446538A1CF5}.Debug|Any CPU.ActiveCfg = Debug|Any CPU
		{9F7BA022-6647-4910-B99D-9446538A1CF5}.Debug|Any CPU.Build.0 = Debug|Any CPU
		{9F7BA022-6647-4910-B99D-9446538A1CF5}.Release|Any CPU.ActiveCfg = Release|Any CPU
		{9F7BA022-6647-4910-B99D-9446538A1CF5}.Release|Any CPU.Build.0 = Release|Any CPU
		{FECEF717-9AFE-4353-8D71-87DE3967E8D4}.Debug|Any CPU.ActiveCfg = Debug|Any CPU
		{FECEF717-9AFE-4353-8D71-87DE3967E8D4}.Debug|Any CPU.Build.0 = Debug|Any CPU
		{FECEF717-9AFE-4353-8D71-87DE3967E8D4}.Release|Any CPU.ActiveCfg = Release|Any CPU
		{FECEF717-9AFE-4353-8D71-87DE3967E8D4}.Release|Any CPU.Build.0 = Release|Any CPU
		{9FCF912E-AE42-4E13-9C8A-A6694C6571D1}.Debug|Any CPU.ActiveCfg = Debug|Any CPU
		{9FCF912E-AE42-4E13-9C8A-A6694C6571D1}.Debug|Any CPU.Build.0 = Debug|Any CPU
		{9FCF912E-AE42-4E13-9C8A-A6694C6571D1}.Release|Any CPU.ActiveCfg = Release|Any CPU
		{9FCF912E-AE42-4E13-9C8A-A6694C6571D1}.Release|Any CPU.Build.0 = Release|Any CPU
		{846A1E57-E083-4C27-A072-A77A28A69165}.Debug|Any CPU.ActiveCfg = Debug|Any CPU
		{846A1E57-E083-4C27-A072-A77A28A69165}.Debug|Any CPU.Build.0 = Debug|Any CPU
		{846A1E57-E083-4C27-A072-A77A28A69165}.Release|Any CPU.ActiveCfg = Release|Any CPU
		{846A1E57-E083-4C27-A072-A77A28A69165}.Release|Any CPU.Build.0 = Release|Any CPU
		{F4D1F2A3-7DA1-40D0-8DDB-BDB9233389F5}.Debug|Any CPU.ActiveCfg = Debug|Any CPU
		{F4D1F2A3-7DA1-40D0-8DDB-BDB9233389F5}.Debug|Any CPU.Build.0 = Debug|Any CPU
		{F4D1F2A3-7DA1-40D0-8DDB-BDB9233389F5}.Release|Any CPU.ActiveCfg = Release|Any CPU
		{F4D1F2A3-7DA1-40D0-8DDB-BDB9233389F5}.Release|Any CPU.Build.0 = Release|Any CPU
		{8B0F6BFF-0BEC-4BCC-42FE-653F238FFC6C}.Debug|Any CPU.ActiveCfg = Debug|Any CPU
		{8B0F6BFF-0BEC-4BCC-42FE-653F238FFC6C}.Debug|Any CPU.Build.0 = Debug|Any CPU
		{8B0F6BFF-0BEC-4BCC-42FE-653F238FFC6C}.Release|Any CPU.ActiveCfg = Release|Any CPU
		{8B0F6BFF-0BEC-4BCC-42FE-653F238FFC6C}.Release|Any CPU.Build.0 = Release|Any CPU
		{A76CF718-ACA3-4B7C-BA4C-5E1518AE1D1E}.Debug|Any CPU.ActiveCfg = Debug|Any CPU
		{A76CF718-ACA3-4B7C-BA4C-5E1518AE1D1E}.Debug|Any CPU.Build.0 = Debug|Any CPU
		{A76CF718-ACA3-4B7C-BA4C-5E1518AE1D1E}.Release|Any CPU.ActiveCfg = Release|Any CPU
		{A76CF718-ACA3-4B7C-BA4C-5E1518AE1D1E}.Release|Any CPU.Build.0 = Release|Any CPU
		{9B1C132C-85E7-4190-9B7D-A1AD708BD634}.Debug|Any CPU.ActiveCfg = Debug|Any CPU
		{9B1C132C-85E7-4190-9B7D-A1AD708BD634}.Debug|Any CPU.Build.0 = Debug|Any CPU
		{9B1C132C-85E7-4190-9B7D-A1AD708BD634}.Release|Any CPU.ActiveCfg = Release|Any CPU
		{9B1C132C-85E7-4190-9B7D-A1AD708BD634}.Release|Any CPU.Build.0 = Release|Any CPU
		{208C7BA2-3C64-44A9-AD38-F9B930DBAE55}.Debug|Any CPU.ActiveCfg = Debug|Any CPU
		{208C7BA2-3C64-44A9-AD38-F9B930DBAE55}.Debug|Any CPU.Build.0 = Debug|Any CPU
		{208C7BA2-3C64-44A9-AD38-F9B930DBAE55}.Release|Any CPU.ActiveCfg = Release|Any CPU
		{208C7BA2-3C64-44A9-AD38-F9B930DBAE55}.Release|Any CPU.Build.0 = Release|Any CPU
		{3DAD9814-26FF-43B3-9489-8C88B0E3E8B7}.Debug|Any CPU.ActiveCfg = Debug|Any CPU
		{3DAD9814-26FF-43B3-9489-8C88B0E3E8B7}.Debug|Any CPU.Build.0 = Debug|Any CPU
		{3DAD9814-26FF-43B3-9489-8C88B0E3E8B7}.Release|Any CPU.ActiveCfg = Release|Any CPU
		{3DAD9814-26FF-43B3-9489-8C88B0E3E8B7}.Release|Any CPU.Build.0 = Release|Any CPU
		{794EC7BC-A59D-4EDA-8B7F-CBF64D9438FA}.Debug|Any CPU.ActiveCfg = Debug|Any CPU
		{794EC7BC-A59D-4EDA-8B7F-CBF64D9438FA}.Debug|Any CPU.Build.0 = Debug|Any CPU
		{794EC7BC-A59D-4EDA-8B7F-CBF64D9438FA}.Release|Any CPU.ActiveCfg = Release|Any CPU
		{794EC7BC-A59D-4EDA-8B7F-CBF64D9438FA}.Release|Any CPU.Build.0 = Release|Any CPU
		{F1E8C8A4-3CC8-4E0D-B9F8-0EE88A873F2B}.Debug|Any CPU.ActiveCfg = Debug|Any CPU
		{F1E8C8A4-3CC8-4E0D-B9F8-0EE88A873F2B}.Debug|Any CPU.Build.0 = Debug|Any CPU
		{F1E8C8A4-3CC8-4E0D-B9F8-0EE88A873F2B}.Release|Any CPU.ActiveCfg = Release|Any CPU
		{F1E8C8A4-3CC8-4E0D-B9F8-0EE88A873F2B}.Release|Any CPU.Build.0 = Release|Any CPU
		{502F8B84-F8C6-4C76-9BF8-2AE13DC099C1}.Debug|Any CPU.ActiveCfg = Debug|Any CPU
		{502F8B84-F8C6-4C76-9BF8-2AE13DC099C1}.Debug|Any CPU.Build.0 = Debug|Any CPU
		{502F8B84-F8C6-4C76-9BF8-2AE13DC099C1}.Release|Any CPU.ActiveCfg = Release|Any CPU
		{502F8B84-F8C6-4C76-9BF8-2AE13DC099C1}.Release|Any CPU.Build.0 = Release|Any CPU
		{B2368675-4A07-4B24-9DE4-610617EFFE3E}.Debug|Any CPU.ActiveCfg = Debug|Any CPU
		{B2368675-4A07-4B24-9DE4-610617EFFE3E}.Debug|Any CPU.Build.0 = Debug|Any CPU
		{B2368675-4A07-4B24-9DE4-610617EFFE3E}.Release|Any CPU.ActiveCfg = Release|Any CPU
		{B2368675-4A07-4B24-9DE4-610617EFFE3E}.Release|Any CPU.Build.0 = Release|Any CPU
	EndGlobalSection
	GlobalSection(SolutionProperties) = preSolution
		HideSolutionNode = FALSE
	EndGlobalSection
	GlobalSection(NestedProjects) = preSolution
		{392D73E5-9418-4A05-8178-3B95E6D86A19} = {5A221473-E295-46D8-AC49-3AC988927B34}
		{9F7BA022-6647-4910-B99D-9446538A1CF5} = {5A221473-E295-46D8-AC49-3AC988927B34}
		{FECEF717-9AFE-4353-8D71-87DE3967E8D4} = {5A221473-E295-46D8-AC49-3AC988927B34}
		{9FCF912E-AE42-4E13-9C8A-A6694C6571D1} = {5A221473-E295-46D8-AC49-3AC988927B34}
		{846A1E57-E083-4C27-A072-A77A28A69165} = {5A221473-E295-46D8-AC49-3AC988927B34}
		{F4D1F2A3-7DA1-40D0-8DDB-BDB9233389F5} = {5A221473-E295-46D8-AC49-3AC988927B34}
		{8B0F6BFF-0BEC-4BCC-42FE-653F238FFC6C} = {5A221473-E295-46D8-AC49-3AC988927B34}
		{A76CF718-ACA3-4B7C-BA4C-5E1518AE1D1E} = {5A221473-E295-46D8-AC49-3AC988927B34}
		{9B1C132C-85E7-4190-9B7D-A1AD708BD634} = {5A221473-E295-46D8-AC49-3AC988927B34}
		{208C7BA2-3C64-44A9-AD38-F9B930DBAE55} = {5A221473-E295-46D8-AC49-3AC988927B34}
		{3DAD9814-26FF-43B3-9489-8C88B0E3E8B7} = {5A221473-E295-46D8-AC49-3AC988927B34}
		{794EC7BC-A59D-4EDA-8B7F-CBF64D9438FA} = {5A221473-E295-46D8-AC49-3AC988927B34}
	EndGlobalSection
	GlobalSection(ExtensibilityGlobals) = postSolution
		SolutionGuid = {68CE7870-BE0C-4673-8CDC-25B08B0F544C}
	EndGlobalSection
EndGlobal
