
Microsoft Visual Studio Solution File, Format Version 12.00
# Visual Studio Version 16
VisualStudioVersion = 16.0.29503.13
MinimumVisualStudioVersion = 10.0.40219.1
Project("{00D1A9C2-B5F0-4AF3-8072-F6C62B433612}") = "AMCS.PlatformFramework.Database", "src\AMCS.PlatformFramework.Database\AMCS.PlatformFramework.Database.sqlproj", "{885DB73E-2444-4B5A-51AB-08AE23EEC7ED}"
EndProject
Global
	GlobalSection(SolutionConfigurationPlatforms) = preSolution
		Debug|Any CPU = Debug|Any CPU
		Release|Any CPU = Release|Any CPU
	EndGlobalSection
	GlobalSection(ProjectConfigurationPlatforms) = postSolution
		{885DB73E-2444-4B5A-51AB-08AE23EEC7ED}.Debug|Any CPU.ActiveCfg = Debug|Any CPU
		{885DB73E-2444-4B5A-51AB-08AE23EEC7ED}.Debug|Any CPU.Build.0 = Debug|Any CPU
		{885DB73E-2444-4B5A-51AB-08AE23EEC7ED}.Debug|Any CPU.Deploy.0 = Debug|Any CPU
		{885DB73E-2444-4B5A-51AB-08AE23EEC7ED}.Release|Any CPU.ActiveCfg = Release|Any CPU
		{885DB73E-2444-4B5A-51AB-08AE23EEC7ED}.Release|Any CPU.Build.0 = Release|Any CPU
		{885DB73E-2444-4B5A-51AB-08AE23EEC7ED}.Release|Any CPU.Deploy.0 = Release|Any CPU
	EndGlobalSection
	GlobalSection(SolutionProperties) = preSolution
		HideSolutionNode = FALSE
	EndGlobalSection
	GlobalSection(ExtensibilityGlobals) = postSolution
		SolutionGuid = {37CA82B7-6F33-4796-AD49-EF55739EDB9B}
	EndGlobalSection
EndGlobal
