
Microsoft Visual Studio Solution File, Format Version 12.00
# Visual Studio Version 17
VisualStudioVersion = 17.0.32112.339
MinimumVisualStudioVersion = 10.0.40219.1
Project("{2150E333-8FDC-42A3-9474-1A3956D46DE8}") = "Solution Items", "Solution Items", "{C75153F8-27E4-47FF-3C56-191368D8BD74}"
	ProjectSection(SolutionItems) = preProject
		.editorconfig = .editorconfig
		AMCS.ruleset = AMCS.ruleset
		CustomDictionary.xml = CustomDictionary.xml
		legacy.ruleset = legacy.ruleset
		TestPlugin.targets = TestPlugin.targets
	EndProjectSection
EndProject
Project("{2150E333-8FDC-42A3-9474-1A3956D46DE8}") = "Framework", "Framework", "{BBE341D7-1633-4403-3841-3CF631FF0C34}"
EndProject
Project("{2150E333-8FDC-42A3-9474-1A3956D46DE8}") = "Server", "Server", "{E4CA20C0-E6B3-4653-0A33-B8928BCA43B1}"
EndProject
Project("{9A19103F-16F7-4668-BE54-9A1E7A4F7556}") = "AMCS.ApiService", "src\Framework\AMCS.ApiService\AMCS.ApiService.csproj", "{425ED06C-98B9-445E-2138-7270807DF0FD}"
EndProject
Project("{9A19103F-16F7-4668-BE54-9A1E7A4F7556}") = "AMCS.ApiService.Abstractions", "src\Framework\AMCS.ApiService.Abstractions\AMCS.ApiService.Abstractions.csproj", "{0FFF9287-FAFC-47EE-3FBB-D416466F2A8C}"
EndProject
Project("{9A19103F-16F7-4668-BE54-9A1E7A4F7556}") = "AMCS.ApiService.Filtering", "src\Framework\AMCS.ApiService.Filtering\AMCS.ApiService.Filtering.csproj", "{26CDFECE-D963-4B09-3EF8-21C981805C70}"
EndProject
Project("{9A19103F-16F7-4668-BE54-9A1E7A4F7556}") = "AMCS.Data", "src\Framework\AMCS.Data\AMCS.Data.csproj", "{D18C8944-47E8-4C9B-321E-FE52A20F1806}"
EndProject
Project("{9A19103F-16F7-4668-BE54-9A1E7A4F7556}") = "AMCS.Data.Configuration", "src\Framework\AMCS.Data.Configuration\AMCS.Data.Configuration.csproj", "{83635B2B-16C9-44CD-3B56-D28D549480EE}"
EndProject
Project("{9A19103F-16F7-4668-BE54-9A1E7A4F7556}") = "AMCS.Data.Entity", "src\Framework\AMCS.Data.Entity\AMCS.Data.Entity.csproj", "{1D4ED06D-C8E9-40DF-2FEC-6C900495D68E}"
EndProject
Project("{9A19103F-16F7-4668-BE54-9A1E7A4F7556}") = "AMCS.Data.EntityValidation", "src\Framework\AMCS.Data.EntityValidation\AMCS.Data.EntityValidation.csproj", "{A974BE05-D31C-4C6B-0815-C445E063BA9A}"
EndProject
Project("{9A19103F-16F7-4668-BE54-9A1E7A4F7556}") = "AMCS.Data.Schema", "src\Framework\AMCS.Data.Schema\AMCS.Data.Schema.csproj", "{C931FE3F-018A-4C23-0CAC-8A5110DE366B}"
EndProject
Project("{9A19103F-16F7-4668-BE54-9A1E7A4F7556}") = "AMCS.Data.Server", "src\Framework\AMCS.Data.Server\AMCS.Data.Server.csproj", "{21F6B9CF-3735-4806-2BC7-73A51377D29E}"
EndProject
Project("{9A19103F-16F7-4668-BE54-9A1E7A4F7556}") = "AMCS.Data.Server.Azure.Helpers", "src\Framework\AMCS.Data.Server.Azure.Helpers\AMCS.Data.Server.Azure.Helpers.csproj", "{73535B9D-F53D-46E8-28B2-509B0A82D3AA}"
EndProject
Project("{9A19103F-16F7-4668-BE54-9A1E7A4F7556}") = "AMCS.TestPlugin.Server", "src\AMCS.TestPlugin.Server\AMCS.TestPlugin.Server.csproj", "{E723CE34-C276-4C4D-3633-8425C48E1CBF}"
EndProject
Project("{2150E333-8FDC-42A3-9474-1A3956D46DE8}") = "Language", "Language", "{076CC8BD-5F14-40FA-12A0-ED4F561DEA9E}"
EndProject
Project("{9A19103F-16F7-4668-BE54-9A1E7A4F7556}") = "Language", "src\Language\Language.csproj", "{28DFAFB4-E4DE-4925-33FA-D2465ADB2E05}"
EndProject
Project("{9A19103F-16F7-4668-BE54-9A1E7A4F7556}") = "AMCS.TestPlugin.Server.App", "src\AMCS.TestPlugin.Server.App\AMCS.TestPlugin.Server.App.csproj", "{DD3EAE7A-96E5-447E-1000-4DE56FCFB0F5}"
EndProject
Project("{9A19103F-16F7-4668-BE54-9A1E7A4F7556}") = "AMCS.Data.Server.AppApi", "src\Framework\AMCS.Data.Server.AppApi\AMCS.Data.Server.AppApi.csproj", "{F18775CD-5004-49A0-2D78-C712C44C7913}"
EndProject
Project("{9A19103F-16F7-4668-BE54-9A1E7A4F7556}") = "AMCS.Encryption", "src\Framework\AMCS.Encryption\AMCS.Encryption.csproj", "{1F2AD5AC-EFAF-49B0-05D6-658DC210787B}"
EndProject
Project("{9A19103F-16F7-4668-BE54-9A1E7A4F7556}") = "AMCS.Encryption.BouncyCastle", "src\Framework\AMCS.Encryption.Bouncy\AMCS.Encryption.BouncyCastle.csproj", "{9CC4A220-6E41-4E48-1A57-40EC374C6A9B}"
EndProject
Project("{9A19103F-16F7-4668-BE54-9A1E7A4F7556}") = "AMCS.Encryption.Test", "src\Framework\AMCS.Encryption.Test\AMCS.Encryption.Test.csproj", "{10C7A673-6528-4F98-0B0E-185399358734}"
EndProject
Project("{9A19103F-16F7-4668-BE54-9A1E7A4F7556}") = "AMCS.Data.TestSupport", "src\Framework\AMCS.Data.TestSupport\AMCS.Data.TestSupport.csproj", "{0AA57384-A1ED-44D4-2631-51B1B1A54AF4}"
EndProject
Project("{9A19103F-16F7-4668-BE54-9A1E7A4F7556}") = "AMCS.Data.Server.UnitTests", "src\Framework\AMCS.Data.Server.UnitTests\AMCS.Data.Server.UnitTests.csproj", "{9045D1CB-9E3E-4538-043C-6C71D0FE83C7}"
EndProject
Project("{2150E333-8FDC-42A3-9474-1A3956D46DE8}") = "Test", "Test", "{3E34FCF4-0033-4449-1E4F-C1F06B40B6B0}"
EndProject
Project("{9A19103F-16F7-4668-BE54-9A1E7A4F7556}") = "AMCS.TestPlugin.IntegrationTests", "test\AMCS.TestPlugin.IntegrationTests\AMCS.TestPlugin.IntegrationTests.csproj", "{41EECA53-FBB7-4881-2571-0C46FBC0DA8D}"
EndProject
Project("{FAE04EC0-301F-11D3-BF4B-00C04F79EFBC}") = "AMCS.ApiService.Documentation.NETFramework", "src\Framework\AMCS.ApiService.Documentation.NETFramework\AMCS.ApiService.Documentation.NETFramework.csproj", "{95A80B3D-9038-4DAF-103B-890490D1F2FC}"
EndProject
Project("{FAE04EC0-301F-11D3-BF4B-00C04F79EFBC}") = "AMCS.ApiService.Documentation.NETCore", "src\Framework\AMCS.ApiService.Documentation.NETCore\AMCS.ApiService.Documentation.NETCore.csproj", "{DE25615A-0287-4F9B-09F6-0494E01EC3B6}"
EndProject
Project("{FAE04EC0-301F-11D3-BF4B-00C04F79EFBC}") = "AMCS.ApiService.Documentation.Abstractions", "src\Framework\AMCS.ApiService.Documentation.Abstractions\AMCS.ApiService.Documentation.Abstractions.csproj", "{8D2B4414-745A-4785-13F4-E179D5153A32}"
EndProject
Global
	GlobalSection(SolutionConfigurationPlatforms) = preSolution
		Debug|Any CPU = Debug|Any CPU
		Release|Any CPU = Release|Any CPU
	EndGlobalSection
	GlobalSection(ProjectConfigurationPlatforms) = postSolution
		{425ED06C-98B9-445E-2138-7270807DF0FD}.Debug|Any CPU.ActiveCfg = Debug|Any CPU
		{425ED06C-98B9-445E-2138-7270807DF0FD}.Debug|Any CPU.Build.0 = Debug|Any CPU
		{425ED06C-98B9-445E-2138-7270807DF0FD}.Release|Any CPU.ActiveCfg = Release|Any CPU
		{425ED06C-98B9-445E-2138-7270807DF0FD}.Release|Any CPU.Build.0 = Release|Any CPU
		{0FFF9287-FAFC-47EE-3FBB-D416466F2A8C}.Debug|Any CPU.ActiveCfg = Debug|Any CPU
		{0FFF9287-FAFC-47EE-3FBB-D416466F2A8C}.Debug|Any CPU.Build.0 = Debug|Any CPU
		{0FFF9287-FAFC-47EE-3FBB-D416466F2A8C}.Release|Any CPU.ActiveCfg = Release|Any CPU
		{0FFF9287-FAFC-47EE-3FBB-D416466F2A8C}.Release|Any CPU.Build.0 = Release|Any CPU
		{26CDFECE-D963-4B09-3EF8-21C981805C70}.Debug|Any CPU.ActiveCfg = Debug|Any CPU
		{26CDFECE-D963-4B09-3EF8-21C981805C70}.Debug|Any CPU.Build.0 = Debug|Any CPU
		{26CDFECE-D963-4B09-3EF8-21C981805C70}.Release|Any CPU.ActiveCfg = Release|Any CPU
		{26CDFECE-D963-4B09-3EF8-21C981805C70}.Release|Any CPU.Build.0 = Release|Any CPU
		{D18C8944-47E8-4C9B-321E-FE52A20F1806}.Debug|Any CPU.ActiveCfg = Debug|Any CPU
		{D18C8944-47E8-4C9B-321E-FE52A20F1806}.Debug|Any CPU.Build.0 = Debug|Any CPU
		{D18C8944-47E8-4C9B-321E-FE52A20F1806}.Release|Any CPU.ActiveCfg = Release|Any CPU
		{D18C8944-47E8-4C9B-321E-FE52A20F1806}.Release|Any CPU.Build.0 = Release|Any CPU
		{83635B2B-16C9-44CD-3B56-D28D549480EE}.Debug|Any CPU.ActiveCfg = Debug|Any CPU
		{83635B2B-16C9-44CD-3B56-D28D549480EE}.Debug|Any CPU.Build.0 = Debug|Any CPU
		{83635B2B-16C9-44CD-3B56-D28D549480EE}.Release|Any CPU.ActiveCfg = Release|Any CPU
		{83635B2B-16C9-44CD-3B56-D28D549480EE}.Release|Any CPU.Build.0 = Release|Any CPU
		{1D4ED06D-C8E9-40DF-2FEC-6C900495D68E}.Debug|Any CPU.ActiveCfg = Debug|Any CPU
		{1D4ED06D-C8E9-40DF-2FEC-6C900495D68E}.Debug|Any CPU.Build.0 = Debug|Any CPU
		{1D4ED06D-C8E9-40DF-2FEC-6C900495D68E}.Release|Any CPU.ActiveCfg = Release|Any CPU
		{1D4ED06D-C8E9-40DF-2FEC-6C900495D68E}.Release|Any CPU.Build.0 = Release|Any CPU
		{A974BE05-D31C-4C6B-0815-C445E063BA9A}.Debug|Any CPU.ActiveCfg = Debug|Any CPU
		{A974BE05-D31C-4C6B-0815-C445E063BA9A}.Debug|Any CPU.Build.0 = Debug|Any CPU
		{A974BE05-D31C-4C6B-0815-C445E063BA9A}.Release|Any CPU.ActiveCfg = Release|Any CPU
		{A974BE05-D31C-4C6B-0815-C445E063BA9A}.Release|Any CPU.Build.0 = Release|Any CPU
		{C931FE3F-018A-4C23-0CAC-8A5110DE366B}.Debug|Any CPU.ActiveCfg = Debug|Any CPU
		{C931FE3F-018A-4C23-0CAC-8A5110DE366B}.Debug|Any CPU.Build.0 = Debug|Any CPU
		{C931FE3F-018A-4C23-0CAC-8A5110DE366B}.Release|Any CPU.ActiveCfg = Release|Any CPU
		{C931FE3F-018A-4C23-0CAC-8A5110DE366B}.Release|Any CPU.Build.0 = Release|Any CPU
		{21F6B9CF-3735-4806-2BC7-73A51377D29E}.Debug|Any CPU.ActiveCfg = Debug|Any CPU
		{21F6B9CF-3735-4806-2BC7-73A51377D29E}.Debug|Any CPU.Build.0 = Debug|Any CPU
		{21F6B9CF-3735-4806-2BC7-73A51377D29E}.Release|Any CPU.ActiveCfg = Release|Any CPU
		{21F6B9CF-3735-4806-2BC7-73A51377D29E}.Release|Any CPU.Build.0 = Release|Any CPU
		{73535B9D-F53D-46E8-28B2-509B0A82D3AA}.Debug|Any CPU.ActiveCfg = Debug|Any CPU
		{73535B9D-F53D-46E8-28B2-509B0A82D3AA}.Debug|Any CPU.Build.0 = Debug|Any CPU
		{73535B9D-F53D-46E8-28B2-509B0A82D3AA}.Release|Any CPU.ActiveCfg = Release|Any CPU
		{73535B9D-F53D-46E8-28B2-509B0A82D3AA}.Release|Any CPU.Build.0 = Release|Any CPU
		{E723CE34-C276-4C4D-3633-8425C48E1CBF}.Debug|Any CPU.ActiveCfg = Debug|Any CPU
		{E723CE34-C276-4C4D-3633-8425C48E1CBF}.Debug|Any CPU.Build.0 = Debug|Any CPU
		{E723CE34-C276-4C4D-3633-8425C48E1CBF}.Release|Any CPU.ActiveCfg = Release|Any CPU
		{E723CE34-C276-4C4D-3633-8425C48E1CBF}.Release|Any CPU.Build.0 = Release|Any CPU
		{28DFAFB4-E4DE-4925-33FA-D2465ADB2E05}.Debug|Any CPU.ActiveCfg = Debug|Any CPU
		{28DFAFB4-E4DE-4925-33FA-D2465ADB2E05}.Debug|Any CPU.Build.0 = Debug|Any CPU
		{28DFAFB4-E4DE-4925-33FA-D2465ADB2E05}.Release|Any CPU.ActiveCfg = Release|Any CPU
		{28DFAFB4-E4DE-4925-33FA-D2465ADB2E05}.Release|Any CPU.Build.0 = Release|Any CPU
		{DD3EAE7A-96E5-447E-1000-4DE56FCFB0F5}.Debug|Any CPU.ActiveCfg = Debug|Any CPU
		{DD3EAE7A-96E5-447E-1000-4DE56FCFB0F5}.Debug|Any CPU.Build.0 = Debug|Any CPU
		{DD3EAE7A-96E5-447E-1000-4DE56FCFB0F5}.Release|Any CPU.ActiveCfg = Release|Any CPU
		{DD3EAE7A-96E5-447E-1000-4DE56FCFB0F5}.Release|Any CPU.Build.0 = Release|Any CPU
		{F18775CD-5004-49A0-2D78-C712C44C7913}.Debug|Any CPU.ActiveCfg = Debug|Any CPU
		{F18775CD-5004-49A0-2D78-C712C44C7913}.Debug|Any CPU.Build.0 = Debug|Any CPU
		{F18775CD-5004-49A0-2D78-C712C44C7913}.Release|Any CPU.ActiveCfg = Release|Any CPU
		{F18775CD-5004-49A0-2D78-C712C44C7913}.Release|Any CPU.Build.0 = Release|Any CPU
		{1F2AD5AC-EFAF-49B0-05D6-658DC210787B}.Debug|Any CPU.ActiveCfg = Debug|Any CPU
		{1F2AD5AC-EFAF-49B0-05D6-658DC210787B}.Debug|Any CPU.Build.0 = Debug|Any CPU
		{1F2AD5AC-EFAF-49B0-05D6-658DC210787B}.Release|Any CPU.ActiveCfg = Release|Any CPU
		{1F2AD5AC-EFAF-49B0-05D6-658DC210787B}.Release|Any CPU.Build.0 = Release|Any CPU
		{9CC4A220-6E41-4E48-1A57-40EC374C6A9B}.Debug|Any CPU.ActiveCfg = Debug|Any CPU
		{9CC4A220-6E41-4E48-1A57-40EC374C6A9B}.Debug|Any CPU.Build.0 = Debug|Any CPU
		{9CC4A220-6E41-4E48-1A57-40EC374C6A9B}.Release|Any CPU.ActiveCfg = Release|Any CPU
		{9CC4A220-6E41-4E48-1A57-40EC374C6A9B}.Release|Any CPU.Build.0 = Release|Any CPU
		{10C7A673-6528-4F98-0B0E-185399358734}.Debug|Any CPU.ActiveCfg = Debug|Any CPU
		{10C7A673-6528-4F98-0B0E-185399358734}.Debug|Any CPU.Build.0 = Debug|Any CPU
		{10C7A673-6528-4F98-0B0E-185399358734}.Release|Any CPU.ActiveCfg = Release|Any CPU
		{10C7A673-6528-4F98-0B0E-185399358734}.Release|Any CPU.Build.0 = Release|Any CPU
		{0AA57384-A1ED-44D4-2631-51B1B1A54AF4}.Debug|Any CPU.ActiveCfg = Debug|Any CPU
		{0AA57384-A1ED-44D4-2631-51B1B1A54AF4}.Debug|Any CPU.Build.0 = Debug|Any CPU
		{0AA57384-A1ED-44D4-2631-51B1B1A54AF4}.Release|Any CPU.ActiveCfg = Release|Any CPU
		{0AA57384-A1ED-44D4-2631-51B1B1A54AF4}.Release|Any CPU.Build.0 = Release|Any CPU
		{9045D1CB-9E3E-4538-043C-6C71D0FE83C7}.Debug|Any CPU.ActiveCfg = Debug|Any CPU
		{9045D1CB-9E3E-4538-043C-6C71D0FE83C7}.Debug|Any CPU.Build.0 = Debug|Any CPU
		{9045D1CB-9E3E-4538-043C-6C71D0FE83C7}.Release|Any CPU.ActiveCfg = Release|Any CPU
		{9045D1CB-9E3E-4538-043C-6C71D0FE83C7}.Release|Any CPU.Build.0 = Release|Any CPU
		{41EECA53-FBB7-4881-2571-0C46FBC0DA8D}.Debug|Any CPU.ActiveCfg = Debug|Any CPU
		{41EECA53-FBB7-4881-2571-0C46FBC0DA8D}.Debug|Any CPU.Build.0 = Debug|Any CPU
		{41EECA53-FBB7-4881-2571-0C46FBC0DA8D}.Release|Any CPU.ActiveCfg = Release|Any CPU
		{41EECA53-FBB7-4881-2571-0C46FBC0DA8D}.Release|Any CPU.Build.0 = Release|Any CPU
		{95A80B3D-9038-4DAF-103B-890490D1F2FC}.Debug|Any CPU.ActiveCfg = Debug|Any CPU
		{95A80B3D-9038-4DAF-103B-890490D1F2FC}.Debug|Any CPU.Build.0 = Debug|Any CPU
		{95A80B3D-9038-4DAF-103B-890490D1F2FC}.Release|Any CPU.ActiveCfg = Release|Any CPU
		{95A80B3D-9038-4DAF-103B-890490D1F2FC}.Release|Any CPU.Build.0 = Release|Any CPU
		{DE25615A-0287-4F9B-09F6-0494E01EC3B6}.Debug|Any CPU.ActiveCfg = Debug|Any CPU
		{DE25615A-0287-4F9B-09F6-0494E01EC3B6}.Debug|Any CPU.Build.0 = Debug|Any CPU
		{DE25615A-0287-4F9B-09F6-0494E01EC3B6}.Release|Any CPU.ActiveCfg = Release|Any CPU
		{DE25615A-0287-4F9B-09F6-0494E01EC3B6}.Release|Any CPU.Build.0 = Release|Any CPU
		{8D2B4414-745A-4785-13F4-E179D5153A32}.Debug|Any CPU.ActiveCfg = Debug|Any CPU
		{8D2B4414-745A-4785-13F4-E179D5153A32}.Debug|Any CPU.Build.0 = Debug|Any CPU
		{8D2B4414-745A-4785-13F4-E179D5153A32}.Release|Any CPU.ActiveCfg = Release|Any CPU
		{8D2B4414-745A-4785-13F4-E179D5153A32}.Release|Any CPU.Build.0 = Release|Any CPU
	EndGlobalSection
	GlobalSection(SolutionProperties) = preSolution
		HideSolutionNode = FALSE
	EndGlobalSection
	GlobalSection(NestedProjects) = preSolution
		{425ED06C-98B9-445E-2138-7270807DF0FD} = {BBE341D7-1633-4403-3841-3CF631FF0C34}
		{0FFF9287-FAFC-47EE-3FBB-D416466F2A8C} = {BBE341D7-1633-4403-3841-3CF631FF0C34}
		{26CDFECE-D963-4B09-3EF8-21C981805C70} = {BBE341D7-1633-4403-3841-3CF631FF0C34}
		{D18C8944-47E8-4C9B-321E-FE52A20F1806} = {BBE341D7-1633-4403-3841-3CF631FF0C34}
		{83635B2B-16C9-44CD-3B56-D28D549480EE} = {BBE341D7-1633-4403-3841-3CF631FF0C34}
		{1D4ED06D-C8E9-40DF-2FEC-6C900495D68E} = {BBE341D7-1633-4403-3841-3CF631FF0C34}
		{A974BE05-D31C-4C6B-0815-C445E063BA9A} = {BBE341D7-1633-4403-3841-3CF631FF0C34}
		{C931FE3F-018A-4C23-0CAC-8A5110DE366B} = {BBE341D7-1633-4403-3841-3CF631FF0C34}
		{21F6B9CF-3735-4806-2BC7-73A51377D29E} = {BBE341D7-1633-4403-3841-3CF631FF0C34}
		{73535B9D-F53D-46E8-28B2-509B0A82D3AA} = {BBE341D7-1633-4403-3841-3CF631FF0C34}
		{E723CE34-C276-4C4D-3633-8425C48E1CBF} = {E4CA20C0-E6B3-4653-0A33-B8928BCA43B1}
		{28DFAFB4-E4DE-4925-33FA-D2465ADB2E05} = {076CC8BD-5F14-40FA-12A0-ED4F561DEA9E}
		{DD3EAE7A-96E5-447E-1000-4DE56FCFB0F5} = {E4CA20C0-E6B3-4653-0A33-B8928BCA43B1}
		{F18775CD-5004-49A0-2D78-C712C44C7913} = {BBE341D7-1633-4403-3841-3CF631FF0C34}
		{1F2AD5AC-EFAF-49B0-05D6-658DC210787B} = {BBE341D7-1633-4403-3841-3CF631FF0C34}
		{9CC4A220-6E41-4E48-1A57-40EC374C6A9B} = {BBE341D7-1633-4403-3841-3CF631FF0C34}
		{10C7A673-6528-4F98-0B0E-185399358734} = {BBE341D7-1633-4403-3841-3CF631FF0C34}
		{0AA57384-A1ED-44D4-2631-51B1B1A54AF4} = {BBE341D7-1633-4403-3841-3CF631FF0C34}
		{9045D1CB-9E3E-4538-043C-6C71D0FE83C7} = {BBE341D7-1633-4403-3841-3CF631FF0C34}
		{41EECA53-FBB7-4881-2571-0C46FBC0DA8D} = {3E34FCF4-0033-4449-1E4F-C1F06B40B6B0}
		{95A80B3D-9038-4DAF-103B-890490D1F2FC} = {BBE341D7-1633-4403-3841-3CF631FF0C34}
		{DE25615A-0287-4F9B-09F6-0494E01EC3B6} = {BBE341D7-1633-4403-3841-3CF631FF0C34}
		{8D2B4414-745A-4785-13F4-E179D5153A32} = {BBE341D7-1633-4403-3841-3CF631FF0C34}
	EndGlobalSection
	GlobalSection(ExtensibilityGlobals) = postSolution
		SolutionGuid = {37CA82B7-6F33-4796-AD49-EF55739EDB9B}
	EndGlobalSection
EndGlobal
